// !$*UTF8*$!
{
	archiveVersion = 1;
	classes = {
	};
	objectVersion = 55;
	objects = {

/* Begin PBXBuildFile section */
		34794F8127A46E7100CDB5B0 /* main.cpp in Sources */ = {isa = PBXBuildFile; fileRef = 34794F8027A46E7100CDB5B0 /* main.cpp */; };
		34794F8927A4735400CDB5B0 /* GLUT.framework in Frameworks */ = {isa = PBXBuildFile; fileRef = 34794F8827A4735400CDB5B0 /* GLUT.framework */; };
		34794F8B27A4736000CDB5B0 /* OpenGL.framework in Frameworks */ = {isa = PBXBuildFile; fileRef = 34794F8A27A4736000CDB5B0 /* OpenGL.framework */; };
		34794F8D27A4F5CC00CDB5B0 /* libGLEW.2.2.0.dylib in Frameworks */ = {isa = PBXBuildFile; fileRef = 34794F8C27A4F5CC00CDB5B0 /* libGLEW.2.2.0.dylib */; };
		34794FA027A7678E00CDB5B0 /* shader.vert in CopyFiles */ = {isa = PBXBuildFile; fileRef = 34794F9627A75F9800CDB5B0 /* shader.vert */; };
		34794FA127A7678E00CDB5B0 /* shader.frag in CopyFiles */ = {isa = PBXBuildFile; fileRef = 34794F9727A75FC400CDB5B0 /* shader.frag */; };
/* End PBXBuildFile section */

/* Begin PBXCopyFilesBuildPhase section */
		34794F7B27A46E7100CDB5B0 /* CopyFiles */ = {
			isa = PBXCopyFilesBuildPhase;
			buildActionMask = 12;
			dstPath = "$(BUILD_DIR)/Debug";
			dstSubfolderSpec = 0;
			files = (
				34794FA027A7678E00CDB5B0 /* shader.vert in CopyFiles */,
				34794FA127A7678E00CDB5B0 /* shader.frag in CopyFiles */,
			);
			runOnlyForDeploymentPostprocessing = 0;
		};
/* End PBXCopyFilesBuildPhase section */

/* Begin PBXFileReference section */
		34794F7D27A46E7100CDB5B0 /* ICG */ = {isa = PBXFileReference; explicitFileType = "compiled.mach-o.executable"; includeInIndex = 0; path = ICG; sourceTree = BUILT_PRODUCTS_DIR; };
		34794F8027A46E7100CDB5B0 /* main.cpp */ = {isa = PBXFileReference; lastKnownFileType = sourcecode.cpp.cpp; path = main.cpp; sourceTree = "<group>"; };
		34794F8827A4735400CDB5B0 /* GLUT.framework */ = {isa = PBXFileReference; lastKnownFileType = wrapper.framework; name = GLUT.framework; path = System/Library/Frameworks/GLUT.framework; sourceTree = SDKROOT; };
		34794F8A27A4736000CDB5B0 /* OpenGL.framework */ = {isa = PBXFileReference; lastKnownFileType = wrapper.framework; name = OpenGL.framework; path = System/Library/Frameworks/OpenGL.framework; sourceTree = SDKROOT; };
		34794F8C27A4F5CC00CDB5B0 /* libGLEW.2.2.0.dylib */ = {isa = PBXFileReference; lastKnownFileType = "compiled.mach-o.dylib"; name = libGLEW.2.2.0.dylib; path = ../../GLEW.0/lib/libGLEW.2.2.0.dylib; sourceTree = "<group>"; };
		34794F8E27A62C7800CDB5B0 /* cyCore.h */ = {isa = PBXFileReference; fileEncoding = 4; lastKnownFileType = sourcecode.c.h; path = cyCore.h; sourceTree = "<group>"; };
		34794F8F27A62CF500CDB5B0 /* Foundation.framework */ = {isa = PBXFileReference; lastKnownFileType = wrapper.framework; name = Foundation.framework; path = System/Library/Frameworks/Foundation.framework; sourceTree = SDKROOT; };
		34794F9127A7359000CDB5B0 /* cyGL.h */ = {isa = PBXFileReference; fileEncoding = 4; lastKnownFileType = sourcecode.c.h; path = cyGL.h; sourceTree = "<group>"; };
		34794F9227A759E800CDB5B0 /* cyVector.h */ = {isa = PBXFileReference; fileEncoding = 4; lastKnownFileType = sourcecode.c.h; path = cyVector.h; sourceTree = "<group>"; };
		34794F9627A75F9800CDB5B0 /* shader.vert */ = {isa = PBXFileReference; lastKnownFileType = sourcecode.glsl; path = shader.vert; sourceTree = "<group>"; };
		34794F9727A75FC400CDB5B0 /* shader.frag */ = {isa = PBXFileReference; lastKnownFileType = sourcecode.glsl; path = shader.frag; sourceTree = "<group>"; };
		34794F9F27A7648600CDB5B0 /* copyShaders.sh */ = {isa = PBXFileReference; lastKnownFileType = text.script.sh; path = copyShaders.sh; sourceTree = "<group>"; };
/* End PBXFileReference section */

/* Begin PBXFrameworksBuildPhase section */
		34794F7A27A46E7100CDB5B0 /* Frameworks */ = {
			isa = PBXFrameworksBuildPhase;
			buildActionMask = 2147483647;
			files = (
				34794F8D27A4F5CC00CDB5B0 /* libGLEW.2.2.0.dylib in Frameworks */,
				34794F8B27A4736000CDB5B0 /* OpenGL.framework in Frameworks */,
				34794F8927A4735400CDB5B0 /* GLUT.framework in Frameworks */,
			);
			runOnlyForDeploymentPostprocessing = 0;
		};
/* End PBXFrameworksBuildPhase section */

/* Begin PBXGroup section */
		34794F7427A46E7100CDB5B0 = {
			isa = PBXGroup;
			children = (
				34794F7F27A46E7100CDB5B0 /* ICG */,
				34794F7E27A46E7100CDB5B0 /* Products */,
				34794F8727A4735400CDB5B0 /* Frameworks */,
			);
			sourceTree = "<group>";
		};
		34794F7E27A46E7100CDB5B0 /* Products */ = {
			isa = PBXGroup;
			children = (
				34794F7D27A46E7100CDB5B0 /* ICG */,
			);
			name = Products;
			sourceTree = "<group>";
		};
		34794F7F27A46E7100CDB5B0 /* ICG */ = {
			isa = PBXGroup;
			children = (
				34794F9E27A7645C00CDB5B0 /* BuildScripts */,
				34794F9527A75F5D00CDB5B0 /* Shaders */,
				34794F9227A759E800CDB5B0 /* cyVector.h */,
				34794F9127A7359000CDB5B0 /* cyGL.h */,
				34794F8E27A62C7800CDB5B0 /* cyCore.h */,
				34794F8027A46E7100CDB5B0 /* main.cpp */,
			);
			path = ICG;
			sourceTree = "<group>";
		};
		34794F8727A4735400CDB5B0 /* Frameworks */ = {
			isa = PBXGroup;
			children = (
				34794F8F27A62CF500CDB5B0 /* Foundation.framework */,
				34794F8C27A4F5CC00CDB5B0 /* libGLEW.2.2.0.dylib */,
				34794F8A27A4736000CDB5B0 /* OpenGL.framework */,
				34794F8827A4735400CDB5B0 /* GLUT.framework */,
			);
			name = Frameworks;
			sourceTree = "<group>";
		};
		34794F9527A75F5D00CDB5B0 /* Shaders */ = {
			isa = PBXGroup;
			children = (
				34794F9627A75F9800CDB5B0 /* shader.vert */,
				34794F9727A75FC400CDB5B0 /* shader.frag */,
			);
			path = Shaders;
			sourceTree = "<group>";
		};
		34794F9E27A7645C00CDB5B0 /* BuildScripts */ = {
			isa = PBXGroup;
			children = (
				34794F9F27A7648600CDB5B0 /* copyShaders.sh */,
			);
			path = BuildScripts;
			sourceTree = "<group>";
		};
/* End PBXGroup section */

/* Begin PBXNativeTarget section */
		34794F7C27A46E7100CDB5B0 /* ICG */ = {
			isa = PBXNativeTarget;
			buildConfigurationList = 34794F8427A46E7100CDB5B0 /* Build configuration list for PBXNativeTarget "ICG" */;
			buildPhases = (
				34794F7927A46E7100CDB5B0 /* Sources */,
				34794F7A27A46E7100CDB5B0 /* Frameworks */,
				34794F7B27A46E7100CDB5B0 /* CopyFiles */,
			);
			buildRules = (
			);
			dependencies = (
			);
			name = ICG;
			productName = ICG;
			productReference = 34794F7D27A46E7100CDB5B0 /* ICG */;
			productType = "com.apple.product-type.tool";
		};
/* End PBXNativeTarget section */

/* Begin PBXProject section */
		34794F7527A46E7100CDB5B0 /* Project object */ = {
			isa = PBXProject;
			attributes = {
				BuildIndependentTargetsInParallel = 1;
				LastUpgradeCheck = 1320;
				TargetAttributes = {
					34794F7C27A46E7100CDB5B0 = {
						CreatedOnToolsVersion = 13.2.1;
					};
				};
			};
			buildConfigurationList = 34794F7827A46E7100CDB5B0 /* Build configuration list for PBXProject "ICG" */;
			compatibilityVersion = "Xcode 13.0";
			developmentRegion = en;
			hasScannedForEncodings = 0;
			knownRegions = (
				en,
				Base,
			);
			mainGroup = 34794F7427A46E7100CDB5B0;
			productRefGroup = 34794F7E27A46E7100CDB5B0 /* Products */;
			projectDirPath = "";
			projectRoot = "";
			targets = (
				34794F7C27A46E7100CDB5B0 /* ICG */,
			);
		};
/* End PBXProject section */

/* Begin PBXSourcesBuildPhase section */
		34794F7927A46E7100CDB5B0 /* Sources */ = {
			isa = PBXSourcesBuildPhase;
			buildActionMask = 2147483647;
			files = (
				34794F8127A46E7100CDB5B0 /* main.cpp in Sources */,
			);
			runOnlyForDeploymentPostprocessing = 0;
		};
/* End PBXSourcesBuildPhase section */

/* Begin XCBuildConfiguration section */
		34794F8227A46E7100CDB5B0 /* Debug */ = {
			isa = XCBuildConfiguration;
			buildSettings = {
				ALWAYS_SEARCH_USER_PATHS = NO;
				CLANG_ANALYZER_NONNULL = YES;
				CLANG_ANALYZER_NUMBER_OBJECT_CONVERSION = YES_AGGRESSIVE;
				CLANG_CXX_LANGUAGE_STANDARD = "gnu++17";
				CLANG_CXX_LIBRARY = "libc++";
				CLANG_ENABLE_MODULES = YES;
				CLANG_ENABLE_OBJC_ARC = YES;
				CLANG_ENABLE_OBJC_WEAK = YES;
				CLANG_WARN_BLOCK_CAPTURE_AUTORELEASING = YES;
				CLANG_WARN_BOOL_CONVERSION = YES;
				CLANG_WARN_COMMA = YES;
				CLANG_WARN_CONSTANT_CONVERSION = YES;
				CLANG_WARN_DEPRECATED_OBJC_IMPLEMENTATIONS = YES;
				CLANG_WARN_DIRECT_OBJC_ISA_USAGE = YES_ERROR;
				CLANG_WARN_DOCUMENTATION_COMMENTS = YES;
				CLANG_WARN_EMPTY_BODY = YES;
				CLANG_WARN_ENUM_CONVERSION = YES;
				CLANG_WARN_INFINITE_RECURSION = YES;
				CLANG_WARN_INT_CONVERSION = YES;
				CLANG_WARN_NON_LITERAL_NULL_CONVERSION = YES;
				CLANG_WARN_OBJC_IMPLICIT_RETAIN_SELF = YES;
				CLANG_WARN_OBJC_LITERAL_CONVERSION = YES;
				CLANG_WARN_OBJC_ROOT_CLASS = YES_ERROR;
				CLANG_WARN_QUOTED_INCLUDE_IN_FRAMEWORK_HEADER = YES;
				CLANG_WARN_RANGE_LOOP_ANALYSIS = YES;
				CLANG_WARN_STRICT_PROTOTYPES = YES;
				CLANG_WARN_SUSPICIOUS_MOVE = YES;
				CLANG_WARN_UNGUARDED_AVAILABILITY = YES_AGGRESSIVE;
				CLANG_WARN_UNREACHABLE_CODE = YES;
				CLANG_WARN__DUPLICATE_METHOD_MATCH = YES;
				COPY_PHASE_STRIP = NO;
				DEBUG_INFORMATION_FORMAT = dwarf;
				ENABLE_STRICT_OBJC_MSGSEND = YES;
				ENABLE_TESTABILITY = YES;
				GCC_C_LANGUAGE_STANDARD = gnu11;
				GCC_DYNAMIC_NO_PIC = NO;
				GCC_NO_COMMON_BLOCKS = YES;
				GCC_OPTIMIZATION_LEVEL = 0;
				GCC_PREPROCESSOR_DEFINITIONS = (
					"DEBUG=1",
					"$(inherited)",
				);
				GCC_WARN_64_TO_32_BIT_CONVERSION = YES;
				GCC_WARN_ABOUT_RETURN_TYPE = YES_ERROR;
				GCC_WARN_UNDECLARED_SELECTOR = YES;
				GCC_WARN_UNINITIALIZED_AUTOS = YES_AGGRESSIVE;
				GCC_WARN_UNUSED_FUNCTION = YES;
				GCC_WARN_UNUSED_VARIABLE = YES;
				MACOSX_DEPLOYMENT_TARGET = 12.0;
				MTL_ENABLE_DEBUG_INFO = INCLUDE_SOURCE;
				MTL_FAST_MATH = YES;
				ONLY_ACTIVE_ARCH = YES;
				SDKROOT = macosx;
			};
			name = Debug;
		};
		34794F8327A46E7100CDB5B0 /* Release */ = {
			isa = XCBuildConfiguration;
			buildSettings = {
				ALWAYS_SEARCH_USER_PATHS = NO;
				CLANG_ANALYZER_NONNULL = YES;
				CLANG_ANALYZER_NUMBER_OBJECT_CONVERSION = YES_AGGRESSIVE;
				CLANG_CXX_LANGUAGE_STANDARD = "gnu++17";
				CLANG_CXX_LIBRARY = "libc++";
				CLANG_ENABLE_MODULES = YES;
				CLANG_ENABLE_OBJC_ARC = YES;
				CLANG_ENABLE_OBJC_WEAK = YES;
				CLANG_WARN_BLOCK_CAPTURE_AUTORELEASING = YES;
				CLANG_WARN_BOOL_CONVERSION = YES;
				CLANG_WARN_COMMA = YES;
				CLANG_WARN_CONSTANT_CONVERSION = YES;
				CLANG_WARN_DEPRECATED_OBJC_IMPLEMENTATIONS = YES;
				CLANG_WARN_DIRECT_OBJC_ISA_USAGE = YES_ERROR;
				CLANG_WARN_DOCUMENTATION_COMMENTS = YES;
				CLANG_WARN_EMPTY_BODY = YES;
				CLANG_WARN_ENUM_CONVERSION = YES;
				CLANG_WARN_INFINITE_RECURSION = YES;
				CLANG_WARN_INT_CONVERSION = YES;
				CLANG_WARN_NON_LITERAL_NULL_CONVERSION = YES;
				CLANG_WARN_OBJC_IMPLICIT_RETAIN_SELF = YES;
				CLANG_WARN_OBJC_LITERAL_CONVERSION = YES;
				CLANG_WARN_OBJC_ROOT_CLASS = YES_ERROR;
				CLANG_WARN_QUOTED_INCLUDE_IN_FRAMEWORK_HEADER = YES;
				CLANG_WARN_RANGE_LOOP_ANALYSIS = YES;
				CLANG_WARN_STRICT_PROTOTYPES = YES;
				CLANG_WARN_SUSPICIOUS_MOVE = YES;
				CLANG_WARN_UNGUARDED_AVAILABILITY = YES_AGGRESSIVE;
				CLANG_WARN_UNREACHABLE_CODE = YES;
				CLANG_WARN__DUPLICATE_METHOD_MATCH = YES;
				COPY_PHASE_STRIP = NO;
				DEBUG_INFORMATION_FORMAT = "dwarf-with-dsym";
				ENABLE_NS_ASSERTIONS = NO;
				ENABLE_STRICT_OBJC_MSGSEND = YES;
				GCC_C_LANGUAGE_STANDARD = gnu11;
				GCC_NO_COMMON_BLOCKS = YES;
				GCC_WARN_64_TO_32_BIT_CONVERSION = YES;
				GCC_WARN_ABOUT_RETURN_TYPE = YES_ERROR;
				GCC_WARN_UNDECLARED_SELECTOR = YES;
				GCC_WARN_UNINITIALIZED_AUTOS = YES_AGGRESSIVE;
				GCC_WARN_UNUSED_FUNCTION = YES;
				GCC_WARN_UNUSED_VARIABLE = YES;
				MACOSX_DEPLOYMENT_TARGET = 12.0;
				MTL_ENABLE_DEBUG_INFO = NO;
				MTL_FAST_MATH = YES;
				SDKROOT = macosx;
			};
			name = Release;
		};
		34794F8527A46E7100CDB5B0 /* Debug */ = {
			isa = XCBuildConfiguration;
			buildSettings = {
				CODE_SIGN_STYLE = Automatic;
				HEADER_SEARCH_PATHS = (
					"\"/opt/x11/include\"",
					"\"/usr/local/include\"",
				);
				LIBRARY_SEARCH_PATHS = (
					"\"/opt/x11/lib\"",
					"\"/usr/local/lib\"",
				);
				OTHER_LDFLAGS = "-IGLUT";
				PRODUCT_NAME = "$(TARGET_NAME)";
			};
			name = Debug;
		};
		34794F8627A46E7100CDB5B0 /* Release */ = {
			isa = XCBuildConfiguration;
			buildSettings = {
				CODE_SIGN_STYLE = Automatic;
				HEADER_SEARCH_PATHS = (
					"\"/opt/x11/include\"",
					"\"/usr/local/include\"",
				);
				LIBRARY_SEARCH_PATHS = (
					"\"/opt/x11/lib\"",
					"\"/usr/local/lib\"",
				);
				OTHER_LDFLAGS = "-IGLUT";
				PRODUCT_NAME = "$(TARGET_NAME)";
			};
			name = Release;
		};
/* End XCBuildConfiguration section */

/* Begin XCConfigurationList section */
		34794F7827A46E7100CDB5B0 /* Build configuration list for PBXProject "ICG" */ = {
			isa = XCConfigurationList;
			buildConfigurations = (
				34794F8227A46E7100CDB5B0 /* Debug */,
				34794F8327A46E7100CDB5B0 /* Release */,
			);
			defaultConfigurationIsVisible = 0;
			defaultConfigurationName = Release;
		};
		34794F8427A46E7100CDB5B0 /* Build configuration list for PBXNativeTarget "ICG" */ = {
			isa = XCConfigurationList;
			buildConfigurations = (
				34794F8527A46E7100CDB5B0 /* Debug */,
				34794F8627A46E7100CDB5B0 /* Release */,
			);
			defaultConfigurationIsVisible = 0;
			defaultConfigurationName = Release;
		};
/* End XCConfigurationList section */
	};
	rootObject = 34794F7527A46E7100CDB5B0 /* Project object */;
}
